
Microsoft Visual Studio Solution File, Format Version 12.00
# Visual Studio Version 16
VisualStudioVersion = 16.0.31205.134
MinimumVisualStudioVersion = 10.0.40219.1
Project("{FAE04EC0-301F-11D3-BF4B-00C04F79EFBC}") = "Team4_FinalProject", "Team4_FinalProject\Team4_FinalProject.csproj", "{C9E013A3-C1C2-4D33-B439-B6EDFDC515EB}"
EndProject
Global
	GlobalSection(SolutionConfigurationPlatforms) = preSolution
		Debug|Any CPU = Debug|Any CPU
		Release|Any CPU = Release|Any CPU
	EndGlobalSection
	GlobalSection(ProjectConfigurationPlatforms) = postSolution
		{C9E013A3-C1C2-4D33-B439-B6EDFDC515EB}.Debug|Any CPU.ActiveCfg = Debug|Any CPU
		{C9E013A3-C1C2-4D33-B439-B6EDFDC515EB}.Debug|Any CPU.Build.0 = Debug|Any CPU
		{C9E013A3-C1C2-4D33-B439-B6EDFDC515EB}.Release|Any CPU.ActiveCfg = Release|Any CPU
		{C9E013A3-C1C2-4D33-B439-B6EDFDC515EB}.Release|Any CPU.Build.0 = Release|Any CPU
	EndGlobalSection
	GlobalSection(SolutionProperties) = preSolution
		HideSolutionNode = FALSE
	EndGlobalSection
	GlobalSection(ExtensibilityGlobals) = postSolution
		SolutionGuid = {3BE99AF2-2BAD-4A1B-8672-EFC350C37FC2}
	EndGlobalSection
EndGlobal
